
Microsoft Visual Studio Solution File, Format Version 12.00
# Visual Studio 15
VisualStudioVersion = 15.0.27703.2000
MinimumVisualStudioVersion = 10.0.40219.1
Project("{FAE04EC0-301F-11D3-BF4B-00C04F79EFBC}") = "WebDependencyInjection", "WebDependencyInjection\WebDependencyInjection.csproj", "{49AECC6F-4E49-4639-896E-3598D9A2086A}"
EndProject
Global
	GlobalSection(SolutionConfigurationPlatforms) = preSolution
		Debug|Any CPU = Debug|Any CPU
		Release|Any CPU = Release|Any CPU
	EndGlobalSection
	GlobalSection(ProjectConfigurationPlatforms) = postSolution
		{49AECC6F-4E49-4639-896E-3598D9A2086A}.Debug|Any CPU.ActiveCfg = Debug|Any CPU
		{49AECC6F-4E49-4639-896E-3598D9A2086A}.Debug|Any CPU.Build.0 = Debug|Any CPU
		{49AECC6F-4E49-4639-896E-3598D9A2086A}.Release|Any CPU.ActiveCfg = Release|Any CPU
		{49AECC6F-4E49-4639-896E-3598D9A2086A}.Release|Any CPU.Build.0 = Release|Any CPU
	EndGlobalSection
	GlobalSection(SolutionProperties) = preSolution
		HideSolutionNode = FALSE
	EndGlobalSection
	GlobalSection(ExtensibilityGlobals) = postSolution
		SolutionGuid = {0A1CD457-5663-46F1-9D46-AED185DCD899}
	EndGlobalSection
EndGlobal
